<?xml version="1.0" encoding="utf-8"?>
<Project ToolsVersion="4.0" xmlns="http://schemas.microsoft.com/developer/msbuild/2003">
  <ItemGroup>
    <Filter Include="Source Files">
      <UniqueIdentifier>{4FC737F1-C7A5-4376-A066-2A32D752A2FF}</UniqueIdentifier>
      <Extensions>cpp;c;cc;cxx;def;odl;idl;hpj;bat;asm;asmx</Extensions>
    </Filter>
    <Filter Include="Header Files">
      <UniqueIdentifier>{93995380-89BD-4b04-88EB-625FBE52EBFB}</UniqueIdentifier>
      <Extensions>h;hh;hpp;hxx;hm;inl;inc;xsd</Extensions>
    </Filter>
    <Filter Include="Resource Files">
      <UniqueIdentifier>{67DA6AB6-F800-4c08-8B7A-83BB121AAD01}</UniqueIdentifier>
      <Extensions>rc;ico;cur;bmp;dlg;rc2;rct;bin;rgs;gif;jpg;jpeg;jpe;resx;tiff;tif;png;wav;mfcribbon-ms</Extensions>
    </Filter>
    <Filter Include="Header Files\src">
      <UniqueIdentifier>{ded49652-fec2-4b64-9f86-a4932dcc73fe}</UniqueIdentifier>
    </Filter>
    <Filter Include="Header Files\internal">
      <UniqueIdentifier>{3cb63989-d08a-4f4e-a915-8dc6bd5cce0d}</UniqueIdentifier>
    </Filter>
  </ItemGroup>
  <ItemGroup>
    <ClInclude Include="..\..\deps\include\gtest\gtest.h">
      <Filter>Header Files</Filter>
    </ClInclude>
    <ClInclude Include="..\..\deps\include\gtest\gtest_pred_impl.h">
      <Filter>Header Files</Filter>
    </ClInclude>
    <ClInclude Include="..\..\deps\include\gtest\gtest_prod.h">
      <Filter>Header Files</Filter>
    </ClInclude>
    <ClInclude Include="..\..\deps\include\gtest\gtest-death-test.h">
      <Filter>Header Files</Filter>
    </ClInclude>
    <ClInclude Include="..\..\deps\include\gtest\gtest-message.h">
      <Filter>Header Files</Filter>
    </ClInclude>
    <ClInclude Include="..\..\deps\include\gtest\gtest-param-test.h">
      <Filter>Header Files</Filter>
    </ClInclude>
    <ClInclude Include="..\..\deps\include\gtest\gtest-printers.h">
      <Filter>Header Files</Filter>
    </ClInclude>
    <ClInclude Include="..\..\deps\include\gtest\gtest-spi.h">
      <Filter>Header Files</Filter>
    </ClInclude>
    <ClInclude Include="..\..\deps\include\gtest\gtest-test-part.h">
      <Filter>Header Files</Filter>
    </ClInclude>
    <ClInclude Include="..\..\deps\include\gtest\gtest-typed-test.h">
      <Filter>Header Files</Filter>
    </ClInclude>
    <ClInclude Include="..\..\deps\include\gtest\src\gtest-internal-inl.h">
      <Filter>Header Files\src</Filter>
    </ClInclude>
    <ClInclude Include="..\..\deps\include\gtest\internal\gtest-death-test-internal.h">
      <Filter>Header Files\internal</Filter>
    </ClInclude>
    <ClInclude Include="..\..\deps\include\gtest\internal\gtest-filepath.h">
      <Filter>Header Files\internal</Filter>
    </ClInclude>
    <ClInclude Include="..\..\deps\include\gtest\internal\gtest-internal.h">
      <Filter>Header Files\internal</Filter>
    </ClInclude>
    <ClInclude Include="..\..\deps\include\gtest\internal\gtest-linked_ptr.h">
      <Filter>Header Files\internal</Filter>
    </ClInclude>
    <ClInclude Include="..\..\deps\include\gtest\internal\gtest-param-util.h">
      <Filter>Header Files\internal</Filter>
    </ClInclude>
    <ClInclude Include="..\..\deps\include\gtest\internal\gtest-param-util-generated.h">
      <Filter>Header Files\internal</Filter>
    </ClInclude>
    <ClInclude Include="..\..\deps\include\gtest\internal\gtest-port.h">
      <Filter>Header Files\internal</Filter>
    </ClInclude>
    <ClInclude Include="..\..\deps\include\gtest\internal\gtest-string.h">
      <Filter>Header Files\internal</Filter>
    </ClInclude>
    <ClInclude Include="..\..\deps\include\gtest\internal\gtest-tuple.h">
      <Filter>Header Files\internal</Filter>
    </ClInclude>
    <ClInclude Include="..\..\deps\include\gtest\internal\gtest-type-util.h">
      <Filter>Header Files\internal</Filter>
    </ClInclude>
  </ItemGroup>
  <ItemGroup>
    <ClCompile Include="..\..\deps\src\gtest\gtest-all.cc">
      <Filter>Source Files</Filter>
    </ClCompile>
  </ItemGroup>
</Project>