<?xml version="1.0" encoding="utf-8"?>
<Project ToolsVersion="4.0" xmlns="http://schemas.microsoft.com/developer/msbuild/2003">
  <ItemGroup>
    <Filter Include="Source Files">
      <UniqueIdentifier>{4FC737F1-C7A5-4376-A066-2A32D752A2FF}</UniqueIdentifier>
      <Extensions>cpp;c;cc;cxx;def;odl;idl;hpj;bat;asm;asmx</Extensions>
    </Filter>
    <Filter Include="Header Files">
      <UniqueIdentifier>{93995380-89BD-4b04-88EB-625FBE52EBFB}</UniqueIdentifier>
      <Extensions>h;hpp;hxx;hm;inl;inc;xsd</Extensions>
    </Filter>
    <Filter Include="Resource Files">
      <UniqueIdentifier>{67DA6AB6-F800-4c08-8B7A-83BB121AAD01}</UniqueIdentifier>
      <Extensions>rc;ico;cur;bmp;dlg;rc2;rct;bin;rgs;gif;jpg;jpeg;jpe;resx;tiff;tif;png;wav;mfcribbon-ms</Extensions>
    </Filter>
    <Filter Include="Header Files\src">
      <UniqueIdentifier>{e31f0337-dca1-4600-9709-497b40da1892}</UniqueIdentifier>
    </Filter>
  </ItemGroup>
  <ItemGroup>
    <ClInclude Include="..\..\include\zmq\zmq.h">
      <Filter>Header Files</Filter>
    </ClInclude>
    <ClInclude Include="..\..\include\zmq\zmq.hpp">
      <Filter>Header Files</Filter>
    </ClInclude>
    <ClInclude Include="..\..\include\zmq\zmq_utils.h">
      <Filter>Header Files</Filter>
    </ClInclude>
    <ClInclude Include="..\..\src\otlib\zmq\address.hpp">
      <Filter>Header Files\src</Filter>
    </ClInclude>
    <ClInclude Include="..\..\src\otlib\zmq\array.hpp">
      <Filter>Header Files\src</Filter>
    </ClInclude>
    <ClInclude Include="..\..\src\otlib\zmq\atomic_counter.hpp">
      <Filter>Header Files\src</Filter>
    </ClInclude>
    <ClInclude Include="..\..\src\otlib\zmq\atomic_ptr.hpp">
      <Filter>Header Files\src</Filter>
    </ClInclude>
    <ClInclude Include="..\..\src\otlib\zmq\blob.hpp">
      <Filter>Header Files\src</Filter>
    </ClInclude>
    <ClInclude Include="..\..\src\otlib\zmq\clock.hpp">
      <Filter>Header Files\src</Filter>
    </ClInclude>
    <ClInclude Include="..\..\src\otlib\zmq\command.hpp">
      <Filter>Header Files\src</Filter>
    </ClInclude>
    <ClInclude Include="..\..\src\otlib\zmq\config.hpp">
      <Filter>Header Files\src</Filter>
    </ClInclude>
    <ClInclude Include="..\..\src\otlib\zmq\ctx.hpp">
      <Filter>Header Files\src</Filter>
    </ClInclude>
    <ClInclude Include="..\..\src\otlib\zmq\curve_client.hpp">
      <Filter>Header Files\src</Filter>
    </ClInclude>
    <ClInclude Include="..\..\src\otlib\zmq\curve_server.hpp">
      <Filter>Header Files\src</Filter>
    </ClInclude>
    <ClInclude Include="..\..\src\otlib\zmq\dbuffer.hpp">
      <Filter>Header Files\src</Filter>
    </ClInclude>
    <ClInclude Include="..\..\src\otlib\zmq\dealer.hpp">
      <Filter>Header Files\src</Filter>
    </ClInclude>
    <ClInclude Include="..\..\src\otlib\zmq\decoder.hpp">
      <Filter>Header Files\src</Filter>
    </ClInclude>
    <ClInclude Include="..\..\src\otlib\zmq\devpoll.hpp">
      <Filter>Header Files\src</Filter>
    </ClInclude>
    <ClInclude Include="..\..\src\otlib\zmq\dist.hpp">
      <Filter>Header Files\src</Filter>
    </ClInclude>
    <ClInclude Include="..\..\src\otlib\zmq\encoder.hpp">
      <Filter>Header Files\src</Filter>
    </ClInclude>
    <ClInclude Include="..\..\src\otlib\zmq\epoll.hpp">
      <Filter>Header Files\src</Filter>
    </ClInclude>
    <ClInclude Include="..\..\src\otlib\zmq\err.hpp">
      <Filter>Header Files\src</Filter>
    </ClInclude>
    <ClInclude Include="..\..\src\otlib\zmq\fd.hpp">
      <Filter>Header Files\src</Filter>
    </ClInclude>
    <ClInclude Include="..\..\src\otlib\zmq\fq.hpp">
      <Filter>Header Files\src</Filter>
    </ClInclude>
    <ClInclude Include="..\..\src\otlib\zmq\i_decoder.hpp">
      <Filter>Header Files\src</Filter>
    </ClInclude>
    <ClInclude Include="..\..\src\otlib\zmq\i_encoder.hpp">
      <Filter>Header Files\src</Filter>
    </ClInclude>
    <ClInclude Include="..\..\src\otlib\zmq\i_engine.hpp">
      <Filter>Header Files\src</Filter>
    </ClInclude>
    <ClInclude Include="..\..\src\otlib\zmq\i_poll_events.hpp">
      <Filter>Header Files\src</Filter>
    </ClInclude>
    <ClInclude Include="..\..\src\otlib\zmq\io_object.hpp">
      <Filter>Header Files\src</Filter>
    </ClInclude>
    <ClInclude Include="..\..\src\otlib\zmq\io_thread.hpp">
      <Filter>Header Files\src</Filter>
    </ClInclude>
    <ClInclude Include="..\..\src\otlib\zmq\ip.hpp">
      <Filter>Header Files\src</Filter>
    </ClInclude>
    <ClInclude Include="..\..\src\otlib\zmq\ipc_address.hpp">
      <Filter>Header Files\src</Filter>
    </ClInclude>
    <ClInclude Include="..\..\src\otlib\zmq\ipc_connecter.hpp">
      <Filter>Header Files\src</Filter>
    </ClInclude>
    <ClInclude Include="..\..\src\otlib\zmq\ipc_listener.hpp">
      <Filter>Header Files\src</Filter>
    </ClInclude>
    <ClInclude Include="..\..\src\otlib\zmq\kqueue.hpp">
      <Filter>Header Files\src</Filter>
    </ClInclude>
    <ClInclude Include="..\..\src\otlib\zmq\lb.hpp">
      <Filter>Header Files\src</Filter>
    </ClInclude>
    <ClInclude Include="..\..\src\otlib\zmq\likely.hpp">
      <Filter>Header Files\src</Filter>
    </ClInclude>
    <ClInclude Include="..\..\src\otlib\zmq\mailbox.hpp">
      <Filter>Header Files\src</Filter>
    </ClInclude>
    <ClInclude Include="..\..\src\otlib\zmq\mechanism.hpp">
      <Filter>Header Files\src</Filter>
    </ClInclude>
    <ClInclude Include="..\..\src\otlib\zmq\msg.hpp">
      <Filter>Header Files\src</Filter>
    </ClInclude>
    <ClInclude Include="..\..\src\otlib\zmq\mtrie.hpp">
      <Filter>Header Files\src</Filter>
    </ClInclude>
    <ClInclude Include="..\..\src\otlib\zmq\mutex.hpp">
      <Filter>Header Files\src</Filter>
    </ClInclude>
    <ClInclude Include="..\..\src\otlib\zmq\norm_engine.hpp">
      <Filter>Header Files\src</Filter>
    </ClInclude>
    <ClInclude Include="..\..\src\otlib\zmq\null_mechanism.hpp">
      <Filter>Header Files\src</Filter>
    </ClInclude>
    <ClInclude Include="..\..\src\otlib\zmq\object.hpp">
      <Filter>Header Files\src</Filter>
    </ClInclude>
    <ClInclude Include="..\..\src\otlib\zmq\options.hpp">
      <Filter>Header Files\src</Filter>
    </ClInclude>
    <ClInclude Include="..\..\src\otlib\zmq\own.hpp">
      <Filter>Header Files\src</Filter>
    </ClInclude>
    <ClInclude Include="..\..\src\otlib\zmq\pair.hpp">
      <Filter>Header Files\src</Filter>
    </ClInclude>
    <ClInclude Include="..\..\src\otlib\zmq\pgm_receiver.hpp">
      <Filter>Header Files\src</Filter>
    </ClInclude>
    <ClInclude Include="..\..\src\otlib\zmq\pgm_sender.hpp">
      <Filter>Header Files\src</Filter>
    </ClInclude>
    <ClInclude Include="..\..\src\otlib\zmq\pgm_socket.hpp">
      <Filter>Header Files\src</Filter>
    </ClInclude>
    <ClInclude Include="..\..\src\otlib\zmq\pipe.hpp">
      <Filter>Header Files\src</Filter>
    </ClInclude>
    <ClInclude Include="..\..\src\otlib\zmq\plain_mechanism.hpp">
      <Filter>Header Files\src</Filter>
    </ClInclude>
    <ClInclude Include="..\..\src\otlib\zmq\platform.hpp">
      <Filter>Header Files\src</Filter>
    </ClInclude>
    <ClInclude Include="..\..\src\otlib\zmq\poll.hpp">
      <Filter>Header Files\src</Filter>
    </ClInclude>
    <ClInclude Include="..\..\src\otlib\zmq\poller.hpp">
      <Filter>Header Files\src</Filter>
    </ClInclude>
    <ClInclude Include="..\..\src\otlib\zmq\poller_base.hpp">
      <Filter>Header Files\src</Filter>
    </ClInclude>
    <ClInclude Include="..\..\src\otlib\zmq\precompiled.hpp">
      <Filter>Header Files\src</Filter>
    </ClInclude>
    <ClInclude Include="..\..\src\otlib\zmq\proxy.hpp">
      <Filter>Header Files\src</Filter>
    </ClInclude>
    <ClInclude Include="..\..\src\otlib\zmq\pub.hpp">
      <Filter>Header Files\src</Filter>
    </ClInclude>
    <ClInclude Include="..\..\src\otlib\zmq\pull.hpp">
      <Filter>Header Files\src</Filter>
    </ClInclude>
    <ClInclude Include="..\..\src\otlib\zmq\push.hpp">
      <Filter>Header Files\src</Filter>
    </ClInclude>
    <ClInclude Include="..\..\src\otlib\zmq\random.hpp">
      <Filter>Header Files\src</Filter>
    </ClInclude>
    <ClInclude Include="..\..\src\otlib\zmq\raw_decoder.hpp">
      <Filter>Header Files\src</Filter>
    </ClInclude>
    <ClInclude Include="..\..\src\otlib\zmq\raw_encoder.hpp">
      <Filter>Header Files\src</Filter>
    </ClInclude>
    <ClInclude Include="..\..\src\otlib\zmq\reaper.hpp">
      <Filter>Header Files\src</Filter>
    </ClInclude>
    <ClInclude Include="..\..\src\otlib\zmq\rep.hpp">
      <Filter>Header Files\src</Filter>
    </ClInclude>
    <ClInclude Include="..\..\src\otlib\zmq\req.hpp">
      <Filter>Header Files\src</Filter>
    </ClInclude>
    <ClInclude Include="..\..\src\otlib\zmq\router.hpp">
      <Filter>Header Files\src</Filter>
    </ClInclude>
    <ClInclude Include="..\..\src\otlib\zmq\select.hpp">
      <Filter>Header Files\src</Filter>
    </ClInclude>
    <ClInclude Include="..\..\src\otlib\zmq\session_base.hpp">
      <Filter>Header Files\src</Filter>
    </ClInclude>
    <ClInclude Include="..\..\src\otlib\zmq\signaler.hpp">
      <Filter>Header Files\src</Filter>
    </ClInclude>
    <ClInclude Include="..\..\src\otlib\zmq\socket_base.hpp">
      <Filter>Header Files\src</Filter>
    </ClInclude>
    <ClInclude Include="..\..\src\otlib\zmq\stdint.hpp">
      <Filter>Header Files\src</Filter>
    </ClInclude>
    <ClInclude Include="..\..\src\otlib\zmq\stream.hpp">
      <Filter>Header Files\src</Filter>
    </ClInclude>
    <ClInclude Include="..\..\src\otlib\zmq\stream_engine.hpp">
      <Filter>Header Files\src</Filter>
    </ClInclude>
    <ClInclude Include="..\..\src\otlib\zmq\sub.hpp">
      <Filter>Header Files\src</Filter>
    </ClInclude>
    <ClInclude Include="..\..\src\otlib\zmq\tcp.hpp">
      <Filter>Header Files\src</Filter>
    </ClInclude>
    <ClInclude Include="..\..\src\otlib\zmq\tcp_address.hpp">
      <Filter>Header Files\src</Filter>
    </ClInclude>
    <ClInclude Include="..\..\src\otlib\zmq\tcp_connecter.hpp">
      <Filter>Header Files\src</Filter>
    </ClInclude>
    <ClInclude Include="..\..\src\otlib\zmq\tcp_listener.hpp">
      <Filter>Header Files\src</Filter>
    </ClInclude>
    <ClInclude Include="..\..\src\otlib\zmq\thread.hpp">
      <Filter>Header Files\src</Filter>
    </ClInclude>
    <ClInclude Include="..\..\src\otlib\zmq\tipc_address.hpp">
      <Filter>Header Files\src</Filter>
    </ClInclude>
    <ClInclude Include="..\..\src\otlib\zmq\tipc_connecter.hpp">
      <Filter>Header Files\src</Filter>
    </ClInclude>
    <ClInclude Include="..\..\src\otlib\zmq\tipc_listener.hpp">
      <Filter>Header Files\src</Filter>
    </ClInclude>
    <ClInclude Include="..\..\src\otlib\zmq\trie.hpp">
      <Filter>Header Files\src</Filter>
    </ClInclude>
    <ClInclude Include="..\..\src\otlib\zmq\v1_decoder.hpp">
      <Filter>Header Files\src</Filter>
    </ClInclude>
    <ClInclude Include="..\..\src\otlib\zmq\v1_encoder.hpp">
      <Filter>Header Files\src</Filter>
    </ClInclude>
    <ClInclude Include="..\..\src\otlib\zmq\v2_decoder.hpp">
      <Filter>Header Files\src</Filter>
    </ClInclude>
    <ClInclude Include="..\..\src\otlib\zmq\v2_encoder.hpp">
      <Filter>Header Files\src</Filter>
    </ClInclude>
    <ClInclude Include="..\..\src\otlib\zmq\v2_protocol.hpp">
      <Filter>Header Files\src</Filter>
    </ClInclude>
    <ClInclude Include="..\..\src\otlib\zmq\windows.hpp">
      <Filter>Header Files\src</Filter>
    </ClInclude>
    <ClInclude Include="..\..\src\otlib\zmq\wire.hpp">
      <Filter>Header Files\src</Filter>
    </ClInclude>
    <ClInclude Include="..\..\src\otlib\zmq\xpub.hpp">
      <Filter>Header Files\src</Filter>
    </ClInclude>
    <ClInclude Include="..\..\src\otlib\zmq\xsub.hpp">
      <Filter>Header Files\src</Filter>
    </ClInclude>
    <ClInclude Include="..\..\src\otlib\zmq\ypipe.hpp">
      <Filter>Header Files\src</Filter>
    </ClInclude>
    <ClInclude Include="..\..\src\otlib\zmq\ypipe_base.hpp">
      <Filter>Header Files\src</Filter>
    </ClInclude>
    <ClInclude Include="..\..\src\otlib\zmq\ypipe_conflate.hpp">
      <Filter>Header Files\src</Filter>
    </ClInclude>
    <ClInclude Include="..\..\src\otlib\zmq\yqueue.hpp">
      <Filter>Header Files\src</Filter>
    </ClInclude>
    <ClInclude Include="..\..\src\otlib\zmq\gssapi_client.hpp">
      <Filter>Header Files\src</Filter>
    </ClInclude>
    <ClInclude Include="..\..\src\otlib\zmq\gssapi_mechanism_base.hpp">
      <Filter>Header Files\src</Filter>
    </ClInclude>
    <ClInclude Include="..\..\src\otlib\zmq\gssapi_server.hpp">
      <Filter>Header Files\src</Filter>
    </ClInclude>
    <ClInclude Include="..\..\src\otlib\zmq\metadata.hpp">
      <Filter>Header Files\src</Filter>
    </ClInclude>
  </ItemGroup>
  <ItemGroup>
    <ClCompile Include="..\..\src\otlib\zmq\address.cpp">
      <Filter>Source Files</Filter>
    </ClCompile>
    <ClCompile Include="..\..\src\otlib\zmq\clock.cpp">
      <Filter>Source Files</Filter>
    </ClCompile>
    <ClCompile Include="..\..\src\otlib\zmq\ctx.cpp">
      <Filter>Source Files</Filter>
    </ClCompile>
    <ClCompile Include="..\..\src\otlib\zmq\curve_client.cpp">
      <Filter>Source Files</Filter>
    </ClCompile>
    <ClCompile Include="..\..\src\otlib\zmq\curve_server.cpp">
      <Filter>Source Files</Filter>
    </ClCompile>
    <ClCompile Include="..\..\src\otlib\zmq\dealer.cpp">
      <Filter>Source Files</Filter>
    </ClCompile>
    <ClCompile Include="..\..\src\otlib\zmq\devpoll.cpp">
      <Filter>Source Files</Filter>
    </ClCompile>
    <ClCompile Include="..\..\src\otlib\zmq\dist.cpp">
      <Filter>Source Files</Filter>
    </ClCompile>
    <ClCompile Include="..\..\src\otlib\zmq\epoll.cpp">
      <Filter>Source Files</Filter>
    </ClCompile>
    <ClCompile Include="..\..\src\otlib\zmq\err.cpp">
      <Filter>Source Files</Filter>
    </ClCompile>
    <ClCompile Include="..\..\src\otlib\zmq\fq.cpp">
      <Filter>Source Files</Filter>
    </ClCompile>
    <ClCompile Include="..\..\src\otlib\zmq\io_object.cpp">
      <Filter>Source Files</Filter>
    </ClCompile>
    <ClCompile Include="..\..\src\otlib\zmq\io_thread.cpp">
      <Filter>Source Files</Filter>
    </ClCompile>
    <ClCompile Include="..\..\src\otlib\zmq\ip.cpp">
      <Filter>Source Files</Filter>
    </ClCompile>
    <ClCompile Include="..\..\src\otlib\zmq\ipc_address.cpp">
      <Filter>Source Files</Filter>
    </ClCompile>
    <ClCompile Include="..\..\src\otlib\zmq\ipc_connecter.cpp">
      <Filter>Source Files</Filter>
    </ClCompile>
    <ClCompile Include="..\..\src\otlib\zmq\ipc_listener.cpp">
      <Filter>Source Files</Filter>
    </ClCompile>
    <ClCompile Include="..\..\src\otlib\zmq\kqueue.cpp">
      <Filter>Source Files</Filter>
    </ClCompile>
    <ClCompile Include="..\..\src\otlib\zmq\lb.cpp">
      <Filter>Source Files</Filter>
    </ClCompile>
    <ClCompile Include="..\..\src\otlib\zmq\mailbox.cpp">
      <Filter>Source Files</Filter>
    </ClCompile>
    <ClCompile Include="..\..\src\otlib\zmq\mechanism.cpp">
      <Filter>Source Files</Filter>
    </ClCompile>
    <ClCompile Include="..\..\src\otlib\zmq\msg.cpp">
      <Filter>Source Files</Filter>
    </ClCompile>
    <ClCompile Include="..\..\src\otlib\zmq\mtrie.cpp">
      <Filter>Source Files</Filter>
    </ClCompile>
    <ClCompile Include="..\..\src\otlib\zmq\norm_engine.cpp">
      <Filter>Source Files</Filter>
    </ClCompile>
    <ClCompile Include="..\..\src\otlib\zmq\null_mechanism.cpp">
      <Filter>Source Files</Filter>
    </ClCompile>
    <ClCompile Include="..\..\src\otlib\zmq\object.cpp">
      <Filter>Source Files</Filter>
    </ClCompile>
    <ClCompile Include="..\..\src\otlib\zmq\options.cpp">
      <Filter>Source Files</Filter>
    </ClCompile>
    <ClCompile Include="..\..\src\otlib\zmq\own.cpp">
      <Filter>Source Files</Filter>
    </ClCompile>
    <ClCompile Include="..\..\src\otlib\zmq\pair.cpp">
      <Filter>Source Files</Filter>
    </ClCompile>
    <ClCompile Include="..\..\src\otlib\zmq\pgm_receiver.cpp">
      <Filter>Source Files</Filter>
    </ClCompile>
    <ClCompile Include="..\..\src\otlib\zmq\pgm_sender.cpp">
      <Filter>Source Files</Filter>
    </ClCompile>
    <ClCompile Include="..\..\src\otlib\zmq\pgm_socket.cpp">
      <Filter>Source Files</Filter>
    </ClCompile>
    <ClCompile Include="..\..\src\otlib\zmq\pipe.cpp">
      <Filter>Source Files</Filter>
    </ClCompile>
    <ClCompile Include="..\..\src\otlib\zmq\plain_mechanism.cpp">
      <Filter>Source Files</Filter>
    </ClCompile>
    <ClCompile Include="..\..\src\otlib\zmq\poll.cpp">
      <Filter>Source Files</Filter>
    </ClCompile>
    <ClCompile Include="..\..\src\otlib\zmq\poller_base.cpp">
      <Filter>Source Files</Filter>
    </ClCompile>
    <ClCompile Include="..\..\src\otlib\zmq\precompiled.cpp">
      <Filter>Source Files</Filter>
    </ClCompile>
    <ClCompile Include="..\..\src\otlib\zmq\proxy.cpp">
      <Filter>Source Files</Filter>
    </ClCompile>
    <ClCompile Include="..\..\src\otlib\zmq\pub.cpp">
      <Filter>Source Files</Filter>
    </ClCompile>
    <ClCompile Include="..\..\src\otlib\zmq\pull.cpp">
      <Filter>Source Files</Filter>
    </ClCompile>
    <ClCompile Include="..\..\src\otlib\zmq\push.cpp">
      <Filter>Source Files</Filter>
    </ClCompile>
    <ClCompile Include="..\..\src\otlib\zmq\random.cpp">
      <Filter>Source Files</Filter>
    </ClCompile>
    <ClCompile Include="..\..\src\otlib\zmq\raw_decoder.cpp">
      <Filter>Source Files</Filter>
    </ClCompile>
    <ClCompile Include="..\..\src\otlib\zmq\raw_encoder.cpp">
      <Filter>Source Files</Filter>
    </ClCompile>
    <ClCompile Include="..\..\src\otlib\zmq\reaper.cpp">
      <Filter>Source Files</Filter>
    </ClCompile>
    <ClCompile Include="..\..\src\otlib\zmq\rep.cpp">
      <Filter>Source Files</Filter>
    </ClCompile>
    <ClCompile Include="..\..\src\otlib\zmq\req.cpp">
      <Filter>Source Files</Filter>
    </ClCompile>
    <ClCompile Include="..\..\src\otlib\zmq\router.cpp">
      <Filter>Source Files</Filter>
    </ClCompile>
    <ClCompile Include="..\..\src\otlib\zmq\select.cpp">
      <Filter>Source Files</Filter>
    </ClCompile>
    <ClCompile Include="..\..\src\otlib\zmq\session_base.cpp">
      <Filter>Source Files</Filter>
    </ClCompile>
    <ClCompile Include="..\..\src\otlib\zmq\signaler.cpp">
      <Filter>Source Files</Filter>
    </ClCompile>
    <ClCompile Include="..\..\src\otlib\zmq\socket_base.cpp">
      <Filter>Source Files</Filter>
    </ClCompile>
    <ClCompile Include="..\..\src\otlib\zmq\stream.cpp">
      <Filter>Source Files</Filter>
    </ClCompile>
    <ClCompile Include="..\..\src\otlib\zmq\stream_engine.cpp">
      <Filter>Source Files</Filter>
    </ClCompile>
    <ClCompile Include="..\..\src\otlib\zmq\sub.cpp">
      <Filter>Source Files</Filter>
    </ClCompile>
    <ClCompile Include="..\..\src\otlib\zmq\tcp.cpp">
      <Filter>Source Files</Filter>
    </ClCompile>
    <ClCompile Include="..\..\src\otlib\zmq\tcp_address.cpp">
      <Filter>Source Files</Filter>
    </ClCompile>
    <ClCompile Include="..\..\src\otlib\zmq\tcp_connecter.cpp">
      <Filter>Source Files</Filter>
    </ClCompile>
    <ClCompile Include="..\..\src\otlib\zmq\tcp_listener.cpp">
      <Filter>Source Files</Filter>
    </ClCompile>
    <ClCompile Include="..\..\src\otlib\zmq\thread.cpp">
      <Filter>Source Files</Filter>
    </ClCompile>
    <ClCompile Include="..\..\src\otlib\zmq\tipc_address.cpp">
      <Filter>Source Files</Filter>
    </ClCompile>
    <ClCompile Include="..\..\src\otlib\zmq\tipc_connecter.cpp">
      <Filter>Source Files</Filter>
    </ClCompile>
    <ClCompile Include="..\..\src\otlib\zmq\tipc_listener.cpp">
      <Filter>Source Files</Filter>
    </ClCompile>
    <ClCompile Include="..\..\src\otlib\zmq\trie.cpp">
      <Filter>Source Files</Filter>
    </ClCompile>
    <ClCompile Include="..\..\src\otlib\zmq\v1_decoder.cpp">
      <Filter>Source Files</Filter>
    </ClCompile>
    <ClCompile Include="..\..\src\otlib\zmq\v1_encoder.cpp">
      <Filter>Source Files</Filter>
    </ClCompile>
    <ClCompile Include="..\..\src\otlib\zmq\v2_decoder.cpp">
      <Filter>Source Files</Filter>
    </ClCompile>
    <ClCompile Include="..\..\src\otlib\zmq\v2_encoder.cpp">
      <Filter>Source Files</Filter>
    </ClCompile>
    <ClCompile Include="..\..\src\otlib\zmq\xpub.cpp">
      <Filter>Source Files</Filter>
    </ClCompile>
    <ClCompile Include="..\..\src\otlib\zmq\xsub.cpp">
      <Filter>Source Files</Filter>
    </ClCompile>
    <ClCompile Include="..\..\src\otlib\zmq\zmq.cpp">
      <Filter>Source Files</Filter>
    </ClCompile>
    <ClCompile Include="..\..\src\otlib\zmq\zmq_utils.cpp">
      <Filter>Source Files</Filter>
    </ClCompile>
    <ClCompile Include="..\..\src\otlib\zmq\gssapi_client.cpp">
      <Filter>Source Files</Filter>
    </ClCompile>
    <ClCompile Include="..\..\src\otlib\zmq\gssapi_mechanism_base.cpp">
      <Filter>Source Files</Filter>
    </ClCompile>
    <ClCompile Include="..\..\src\otlib\zmq\gssapi_server.cpp">
      <Filter>Source Files</Filter>
    </ClCompile>
    <ClCompile Include="..\..\src\otlib\zmq\metadata.cpp">
      <Filter>Source Files</Filter>
    </ClCompile>
  </ItemGroup>
</Project>